// !$*UTF8*$!
{
	archiveVersion = 1;
	classes = {
	};
	objectVersion = 55;
	objects = {

/* Begin PBXBuildFile section */
		B300E3E42A4119B20010E351 /* TitleText.swift in Sources */ = {isa = PBXBuildFile; fileRef = B300E3E32A4119B20010E351 /* TitleText.swift */; };
		B30BA1472A429F13007E7014 /* Localizable.strings in Resources */ = {isa = PBXBuildFile; fileRef = B30BA1492A429F13007E7014 /* Localizable.strings */; };
		B31074792B75BDAD00A259BE /* AchievementsView.swift in Sources */ = {isa = PBXBuildFile; fileRef = B31074782B75BDAD00A259BE /* AchievementsView.swift */; };
		B310747B2B75BF1100A259BE /* AchievementView.swift in Sources */ = {isa = PBXBuildFile; fileRef = B310747A2B75BF1100A259BE /* AchievementView.swift */; };
		B310747D2B75BF2300A259BE /* Achievement.swift in Sources */ = {isa = PBXBuildFile; fileRef = B310747C2B75BF2300A259BE /* Achievement.swift */; };
		B310747F2B769D7200A259BE /* AchievementTitleText.swift in Sources */ = {isa = PBXBuildFile; fileRef = B310747E2B769D7200A259BE /* AchievementTitleText.swift */; };
		B31074812B769DC800A259BE /* AchievementDescriptionText.swift in Sources */ = {isa = PBXBuildFile; fileRef = B31074802B769DC800A259BE /* AchievementDescriptionText.swift */; };
		B31074872B79648900A259BE /* AchievementManager.swift in Sources */ = {isa = PBXBuildFile; fileRef = B31074862B79648900A259BE /* AchievementManager.swift */; };
		B31B8CEE297A2BAE00FDC910 /* ERSApp.swift in Sources */ = {isa = PBXBuildFile; fileRef = B31B8CED297A2BAE00FDC910 /* ERSApp.swift */; };
		B31B8CF2297A2BB000FDC910 /* Assets.xcassets in Resources */ = {isa = PBXBuildFile; fileRef = B31B8CF1297A2BB000FDC910 /* Assets.xcassets */; };
		B31B8CF5297A2BB000FDC910 /* Preview Assets.xcassets in Resources */ = {isa = PBXBuildFile; fileRef = B31B8CF4297A2BB000FDC910 /* Preview Assets.xcassets */; };
		B31B8CFF297A2C7500FDC910 /* Card.swift in Sources */ = {isa = PBXBuildFile; fileRef = B31B8CFE297A2C7500FDC910 /* Card.swift */; };
		B31B8D03297A2D4C00FDC910 /* Deck.swift in Sources */ = {isa = PBXBuildFile; fileRef = B31B8D02297A2D4C00FDC910 /* Deck.swift */; };
		B31B8D19297A611B00FDC910 /* CardTest.swift in Sources */ = {isa = PBXBuildFile; fileRef = B31B8D18297A611B00FDC910 /* CardTest.swift */; };
		B31B8D1B297A662300FDC910 /* DeckTest.swift in Sources */ = {isa = PBXBuildFile; fileRef = B31B8D1A297A662300FDC910 /* DeckTest.swift */; };
		B33610252C9D0BE500CB41DF /* MatchManager.swift in Sources */ = {isa = PBXBuildFile; fileRef = B33610242C9D0BE500CB41DF /* MatchManager.swift */; };
		B33610272C9D0C8100CB41DF /* NavigationManager.swift in Sources */ = {isa = PBXBuildFile; fileRef = B33610262C9D0C8100CB41DF /* NavigationManager.swift */; };
		B33ED3892A2E982D001C5126 /* PurchaseManager.swift in Sources */ = {isa = PBXBuildFile; fileRef = B33ED3882A2E982D001C5126 /* PurchaseManager.swift */; };
		B34FD3222C76E656009DB3CD /* NavigationIcon.swift in Sources */ = {isa = PBXBuildFile; fileRef = B34FD3212C76E656009DB3CD /* NavigationIcon.swift */; };
		B34FD32A2C78FC1E009DB3CD /* MultiplayerToggleView.swift in Sources */ = {isa = PBXBuildFile; fileRef = B34FD3292C78FC1E009DB3CD /* MultiplayerToggleView.swift */; };
		B34FD32F2C790595009DB3CD /* OnlineMatchManager.swift in Sources */ = {isa = PBXBuildFile; fileRef = B34FD32E2C790595009DB3CD /* OnlineMatchManager.swift */; };
		B34FD3312C790E1A009DB3CD /* GameData.swift in Sources */ = {isa = PBXBuildFile; fileRef = B34FD3302C790E1A009DB3CD /* GameData.swift */; };
		B34FD3332C791E65009DB3CD /* OnlineGameView.swift in Sources */ = {isa = PBXBuildFile; fileRef = B34FD3322C791E65009DB3CD /* OnlineGameView.swift */; };
		B34FD3352C793436009DB3CD /* LocalGameView.swift in Sources */ = {isa = PBXBuildFile; fileRef = B34FD3342C793436009DB3CD /* LocalGameView.swift */; };
		B3564A612A11FF4F00F2915E /* SettingsButton.swift in Sources */ = {isa = PBXBuildFile; fileRef = B3564A602A11FF4F00F2915E /* SettingsButton.swift */; };
		B3786020297CF81A00E5DB92 /* CardView.swift in Sources */ = {isa = PBXBuildFile; fileRef = B378601F297CF81A00E5DB92 /* CardView.swift */; };
		B38341942C7A70D30057E5F7 /* RuleDisplayView.swift in Sources */ = {isa = PBXBuildFile; fileRef = B38341932C7A70D30057E5F7 /* RuleDisplayView.swift */; };
		B38A58B32C406B7C0060C6E7 /* AppStorageManager.swift in Sources */ = {isa = PBXBuildFile; fileRef = B38A58B22C406B7C0060C6E7 /* AppStorageManager.swift */; };
		B38E314D2995FD57005254F9 /* SettingsView.swift in Sources */ = {isa = PBXBuildFile; fileRef = B38E314C2995FD57005254F9 /* SettingsView.swift */; };
		B38E315129960E10005254F9 /* LargeText.swift in Sources */ = {isa = PBXBuildFile; fileRef = B38E315029960E10005254F9 /* LargeText.swift */; };
		B38E315329961037005254F9 /* NavigationButton.swift in Sources */ = {isa = PBXBuildFile; fileRef = B38E315229961037005254F9 /* NavigationButton.swift */; };
		B39332BE2C7A983700206127 /* RuleState.swift in Sources */ = {isa = PBXBuildFile; fileRef = B39332BD2C7A983700206127 /* RuleState.swift */; };
		B39332C02C7ABBD500206127 /* GameAction.swift in Sources */ = {isa = PBXBuildFile; fileRef = B39332BF2C7ABBD500206127 /* GameAction.swift */; };
		B3AE84F229C94CBA00D735F9 /* GameView.swift in Sources */ = {isa = PBXBuildFile; fileRef = B3AE84F129C94CBA00D735F9 /* GameView.swift */; };
		B3AE84F429C94CDC00D735F9 /* Game.swift in Sources */ = {isa = PBXBuildFile; fileRef = B3AE84F329C94CDC00D735F9 /* Game.swift */; };
		B3AE84F629CA1C1A00D735F9 /* CardStackView.swift in Sources */ = {isa = PBXBuildFile; fileRef = B3AE84F529CA1C1A00D735F9 /* CardStackView.swift */; };
		B3AE84F929CA4B3400D735F9 /* PlayerInteractionView.swift in Sources */ = {isa = PBXBuildFile; fileRef = B3AE84F829CA4B3400D735F9 /* PlayerInteractionView.swift */; };
		B3AE84FB29CA641100D735F9 /* DebugView.swift in Sources */ = {isa = PBXBuildFile; fileRef = B3AE84FA29CA641100D735F9 /* DebugView.swift */; };
		B3AE84FE29CA910600D735F9 /* MediumText.swift in Sources */ = {isa = PBXBuildFile; fileRef = B3AE84FD29CA910600D735F9 /* MediumText.swift */; };
		B3AE850029CAC46B00D735F9 /* StackInfoView.swift in Sources */ = {isa = PBXBuildFile; fileRef = B3AE84FF29CAC46B00D735F9 /* StackInfoView.swift */; };
		B3AE850229CB49E300D735F9 /* HomeView.swift in Sources */ = {isa = PBXBuildFile; fileRef = B3AE850129CB49E300D735F9 /* HomeView.swift */; };
		B3AE850829CC99C500D735F9 /* ButtonText.swift in Sources */ = {isa = PBXBuildFile; fileRef = B3AE850729CC99C500D735F9 /* ButtonText.swift */; };
		B3AE850A29CC9C4800D735F9 /* PauseView.swift in Sources */ = {isa = PBXBuildFile; fileRef = B3AE850929CC9C4800D735F9 /* PauseView.swift */; };
		B3AE850C29CCA7A300D735F9 /* GameEndView.swift in Sources */ = {isa = PBXBuildFile; fileRef = B3AE850B29CCA7A300D735F9 /* GameEndView.swift */; };
		B3AE850E29CCB8DD00D735F9 /* Colors.swift in Sources */ = {isa = PBXBuildFile; fileRef = B3AE850D29CCB8DD00D735F9 /* Colors.swift */; };
		B3AE851029CE2B5D00D735F9 /* TutorialView.swift in Sources */ = {isa = PBXBuildFile; fileRef = B3AE850F29CE2B5D00D735F9 /* TutorialView.swift */; };
		B3AE851329CE3EFA00D735F9 /* TutorialCard.swift in Sources */ = {isa = PBXBuildFile; fileRef = B3AE851229CE3EFA00D735F9 /* TutorialCard.swift */; };
		B3AE852229CE4A1C00D735F9 /* PlayerNumber.swift in Sources */ = {isa = PBXBuildFile; fileRef = B3AE852129CE4A1C00D735F9 /* PlayerNumber.swift */; };
		B3AE852429CE4F8000D735F9 /* TutorialText.swift in Sources */ = {isa = PBXBuildFile; fileRef = B3AE852329CE4F8000D735F9 /* TutorialText.swift */; };
		B3AE853029CEC1D400D735F9 /* RuleToggleView.swift in Sources */ = {isa = PBXBuildFile; fileRef = B3AE852F29CEC1D400D735F9 /* RuleToggleView.swift */; };
		B3AE853229CEC5AD00D735F9 /* RuleDescriptionText.swift in Sources */ = {isa = PBXBuildFile; fileRef = B3AE853129CEC5AD00D735F9 /* RuleDescriptionText.swift */; };
		B3AE853429CEC5B500D735F9 /* RuleTitleText.swift in Sources */ = {isa = PBXBuildFile; fileRef = B3AE853329CEC5B500D735F9 /* RuleTitleText.swift */; };
		B3AE853829CED6AE00D735F9 /* RuleSectionText.swift in Sources */ = {isa = PBXBuildFile; fileRef = B3AE853729CED6AE00D735F9 /* RuleSectionText.swift */; };
		B3EB3A6C2B7F194900EF9D65 /* ConfettiSwiftUI in Frameworks */ = {isa = PBXBuildFile; productRef = B3EB3A6B2B7F194900EF9D65 /* ConfettiSwiftUI */; };
/* End PBXBuildFile section */

/* Begin PBXContainerItemProxy section */
		B31B8D12297A60D400FDC910 /* PBXContainerItemProxy */ = {
			isa = PBXContainerItemProxy;
			containerPortal = B31B8CE2297A2BAE00FDC910 /* Project object */;
			proxyType = 1;
			remoteGlobalIDString = B31B8CE9297A2BAE00FDC910;
			remoteInfo = ERS;
		};
/* End PBXContainerItemProxy section */

/* Begin PBXFileReference section */
		B300E3E32A4119B20010E351 /* TitleText.swift */ = {isa = PBXFileReference; lastKnownFileType = sourcecode.swift; path = TitleText.swift; sourceTree = "<group>"; };
		B30BA1482A429F13007E7014 /* en */ = {isa = PBXFileReference; lastKnownFileType = text.plist.strings; name = en; path = en.lproj/Localizable.strings; sourceTree = "<group>"; };
		B31074782B75BDAD00A259BE /* AchievementsView.swift */ = {isa = PBXFileReference; lastKnownFileType = sourcecode.swift; path = AchievementsView.swift; sourceTree = "<group>"; };
		B310747A2B75BF1100A259BE /* AchievementView.swift */ = {isa = PBXFileReference; lastKnownFileType = sourcecode.swift; path = AchievementView.swift; sourceTree = "<group>"; };
		B310747C2B75BF2300A259BE /* Achievement.swift */ = {isa = PBXFileReference; lastKnownFileType = sourcecode.swift; path = Achievement.swift; sourceTree = "<group>"; };
		B310747E2B769D7200A259BE /* AchievementTitleText.swift */ = {isa = PBXFileReference; lastKnownFileType = sourcecode.swift; path = AchievementTitleText.swift; sourceTree = "<group>"; };
		B31074802B769DC800A259BE /* AchievementDescriptionText.swift */ = {isa = PBXFileReference; lastKnownFileType = sourcecode.swift; path = AchievementDescriptionText.swift; sourceTree = "<group>"; };
		B31074862B79648900A259BE /* AchievementManager.swift */ = {isa = PBXFileReference; lastKnownFileType = sourcecode.swift; path = AchievementManager.swift; sourceTree = "<group>"; };
		B31B8CEA297A2BAE00FDC910 /* ERS.app */ = {isa = PBXFileReference; explicitFileType = wrapper.application; includeInIndex = 0; path = ERS.app; sourceTree = BUILT_PRODUCTS_DIR; };
		B31B8CED297A2BAE00FDC910 /* ERSApp.swift */ = {isa = PBXFileReference; lastKnownFileType = sourcecode.swift; path = ERSApp.swift; sourceTree = "<group>"; };
		B31B8CF1297A2BB000FDC910 /* Assets.xcassets */ = {isa = PBXFileReference; lastKnownFileType = folder.assetcatalog; path = Assets.xcassets; sourceTree = "<group>"; };
		B31B8CF4297A2BB000FDC910 /* Preview Assets.xcassets */ = {isa = PBXFileReference; lastKnownFileType = folder.assetcatalog; path = "Preview Assets.xcassets"; sourceTree = "<group>"; };
		B31B8CFE297A2C7500FDC910 /* Card.swift */ = {isa = PBXFileReference; lastKnownFileType = sourcecode.swift; path = Card.swift; sourceTree = "<group>"; };
		B31B8D02297A2D4C00FDC910 /* Deck.swift */ = {isa = PBXFileReference; lastKnownFileType = sourcecode.swift; path = Deck.swift; sourceTree = "<group>"; };
		B31B8D0E297A60D400FDC910 /* ERSTests.xctest */ = {isa = PBXFileReference; explicitFileType = wrapper.cfbundle; includeInIndex = 0; path = ERSTests.xctest; sourceTree = BUILT_PRODUCTS_DIR; };
		B31B8D18297A611B00FDC910 /* CardTest.swift */ = {isa = PBXFileReference; lastKnownFileType = sourcecode.swift; path = CardTest.swift; sourceTree = "<group>"; };
		B31B8D1A297A662300FDC910 /* DeckTest.swift */ = {isa = PBXFileReference; lastKnownFileType = sourcecode.swift; path = DeckTest.swift; sourceTree = "<group>"; };
		B33610242C9D0BE500CB41DF /* MatchManager.swift */ = {isa = PBXFileReference; lastKnownFileType = sourcecode.swift; path = MatchManager.swift; sourceTree = "<group>"; };
		B33610262C9D0C8100CB41DF /* NavigationManager.swift */ = {isa = PBXFileReference; lastKnownFileType = sourcecode.swift; path = NavigationManager.swift; sourceTree = "<group>"; };
		B33ED3882A2E982D001C5126 /* PurchaseManager.swift */ = {isa = PBXFileReference; lastKnownFileType = sourcecode.swift; path = PurchaseManager.swift; sourceTree = "<group>"; };
		B34FD3212C76E656009DB3CD /* NavigationIcon.swift */ = {isa = PBXFileReference; lastKnownFileType = sourcecode.swift; path = NavigationIcon.swift; sourceTree = "<group>"; };
		B34FD3292C78FC1E009DB3CD /* MultiplayerToggleView.swift */ = {isa = PBXFileReference; lastKnownFileType = sourcecode.swift; path = MultiplayerToggleView.swift; sourceTree = "<group>"; };
		B34FD32E2C790595009DB3CD /* OnlineMatchManager.swift */ = {isa = PBXFileReference; lastKnownFileType = sourcecode.swift; path = OnlineMatchManager.swift; sourceTree = "<group>"; };
		B34FD3302C790E1A009DB3CD /* GameData.swift */ = {isa = PBXFileReference; lastKnownFileType = sourcecode.swift; path = GameData.swift; sourceTree = "<group>"; };
		B34FD3322C791E65009DB3CD /* OnlineGameView.swift */ = {isa = PBXFileReference; lastKnownFileType = sourcecode.swift; path = OnlineGameView.swift; sourceTree = "<group>"; };
		B34FD3342C793436009DB3CD /* LocalGameView.swift */ = {isa = PBXFileReference; lastKnownFileType = sourcecode.swift; path = LocalGameView.swift; sourceTree = "<group>"; };
		B3564A5F2A0B7BC300F2915E /* ERS: Egyptian Rat Screw.storekit */ = {isa = PBXFileReference; lastKnownFileType = text; path = "ERS: Egyptian Rat Screw.storekit"; sourceTree = "<group>"; };
		B3564A602A11FF4F00F2915E /* SettingsButton.swift */ = {isa = PBXFileReference; lastKnownFileType = sourcecode.swift; path = SettingsButton.swift; sourceTree = "<group>"; };
		B378601F297CF81A00E5DB92 /* CardView.swift */ = {isa = PBXFileReference; lastKnownFileType = sourcecode.swift; path = CardView.swift; sourceTree = "<group>"; };
		B38341932C7A70D30057E5F7 /* RuleDisplayView.swift */ = {isa = PBXFileReference; lastKnownFileType = sourcecode.swift; path = RuleDisplayView.swift; sourceTree = "<group>"; };
		B38A58B22C406B7C0060C6E7 /* AppStorageManager.swift */ = {isa = PBXFileReference; lastKnownFileType = sourcecode.swift; path = AppStorageManager.swift; sourceTree = "<group>"; };
		B38E314C2995FD57005254F9 /* SettingsView.swift */ = {isa = PBXFileReference; lastKnownFileType = sourcecode.swift; path = SettingsView.swift; sourceTree = "<group>"; };
		B38E315029960E10005254F9 /* LargeText.swift */ = {isa = PBXFileReference; lastKnownFileType = sourcecode.swift; path = LargeText.swift; sourceTree = "<group>"; };
		B38E315229961037005254F9 /* NavigationButton.swift */ = {isa = PBXFileReference; lastKnownFileType = sourcecode.swift; path = NavigationButton.swift; sourceTree = "<group>"; };
		B39332BD2C7A983700206127 /* RuleState.swift */ = {isa = PBXFileReference; lastKnownFileType = sourcecode.swift; path = RuleState.swift; sourceTree = "<group>"; };
		B39332BF2C7ABBD500206127 /* GameAction.swift */ = {isa = PBXFileReference; lastKnownFileType = sourcecode.swift; path = GameAction.swift; sourceTree = "<group>"; };
		B3AE84F129C94CBA00D735F9 /* GameView.swift */ = {isa = PBXFileReference; lastKnownFileType = sourcecode.swift; path = GameView.swift; sourceTree = "<group>"; };
		B3AE84F329C94CDC00D735F9 /* Game.swift */ = {isa = PBXFileReference; lastKnownFileType = sourcecode.swift; path = Game.swift; sourceTree = "<group>"; };
		B3AE84F529CA1C1A00D735F9 /* CardStackView.swift */ = {isa = PBXFileReference; lastKnownFileType = sourcecode.swift; path = CardStackView.swift; sourceTree = "<group>"; };
		B3AE84F729CA1D7600D735F9 /* Info.plist */ = {isa = PBXFileReference; lastKnownFileType = text.plist; path = Info.plist; sourceTree = "<group>"; };
		B3AE84F829CA4B3400D735F9 /* PlayerInteractionView.swift */ = {isa = PBXFileReference; lastKnownFileType = sourcecode.swift; path = PlayerInteractionView.swift; sourceTree = "<group>"; };
		B3AE84FA29CA641100D735F9 /* DebugView.swift */ = {isa = PBXFileReference; lastKnownFileType = sourcecode.swift; path = DebugView.swift; sourceTree = "<group>"; };
		B3AE84FD29CA910600D735F9 /* MediumText.swift */ = {isa = PBXFileReference; lastKnownFileType = sourcecode.swift; path = MediumText.swift; sourceTree = "<group>"; };
		B3AE84FF29CAC46B00D735F9 /* StackInfoView.swift */ = {isa = PBXFileReference; lastKnownFileType = sourcecode.swift; path = StackInfoView.swift; sourceTree = "<group>"; };
		B3AE850129CB49E300D735F9 /* HomeView.swift */ = {isa = PBXFileReference; lastKnownFileType = sourcecode.swift; path = HomeView.swift; sourceTree = "<group>"; };
		B3AE850729CC99C500D735F9 /* ButtonText.swift */ = {isa = PBXFileReference; lastKnownFileType = sourcecode.swift; path = ButtonText.swift; sourceTree = "<group>"; };
		B3AE850929CC9C4800D735F9 /* PauseView.swift */ = {isa = PBXFileReference; lastKnownFileType = sourcecode.swift; path = PauseView.swift; sourceTree = "<group>"; };
		B3AE850B29CCA7A300D735F9 /* GameEndView.swift */ = {isa = PBXFileReference; lastKnownFileType = sourcecode.swift; path = GameEndView.swift; sourceTree = "<group>"; };
		B3AE850D29CCB8DD00D735F9 /* Colors.swift */ = {isa = PBXFileReference; lastKnownFileType = sourcecode.swift; path = Colors.swift; sourceTree = "<group>"; };
		B3AE850F29CE2B5D00D735F9 /* TutorialView.swift */ = {isa = PBXFileReference; lastKnownFileType = sourcecode.swift; path = TutorialView.swift; sourceTree = "<group>"; };
		B3AE851229CE3EFA00D735F9 /* TutorialCard.swift */ = {isa = PBXFileReference; lastKnownFileType = sourcecode.swift; path = TutorialCard.swift; sourceTree = "<group>"; };
		B3AE852129CE4A1C00D735F9 /* PlayerNumber.swift */ = {isa = PBXFileReference; lastKnownFileType = sourcecode.swift; path = PlayerNumber.swift; sourceTree = "<group>"; };
		B3AE852329CE4F8000D735F9 /* TutorialText.swift */ = {isa = PBXFileReference; lastKnownFileType = sourcecode.swift; path = TutorialText.swift; sourceTree = "<group>"; };
		B3AE852F29CEC1D400D735F9 /* RuleToggleView.swift */ = {isa = PBXFileReference; lastKnownFileType = sourcecode.swift; path = RuleToggleView.swift; sourceTree = "<group>"; };
		B3AE853129CEC5AD00D735F9 /* RuleDescriptionText.swift */ = {isa = PBXFileReference; lastKnownFileType = sourcecode.swift; path = RuleDescriptionText.swift; sourceTree = "<group>"; };
		B3AE853329CEC5B500D735F9 /* RuleTitleText.swift */ = {isa = PBXFileReference; lastKnownFileType = sourcecode.swift; path = RuleTitleText.swift; sourceTree = "<group>"; };
		B3AE853729CED6AE00D735F9 /* RuleSectionText.swift */ = {isa = PBXFileReference; lastKnownFileType = sourcecode.swift; path = RuleSectionText.swift; sourceTree = "<group>"; };
		B3AE853929D0A54F00D735F9 /* ERS.entitlements */ = {isa = PBXFileReference; lastKnownFileType = text.plist.entitlements; path = ERS.entitlements; sourceTree = "<group>"; };
/* End PBXFileReference section */

/* Begin PBXFrameworksBuildPhase section */
		B31B8CE7297A2BAE00FDC910 /* Frameworks */ = {
			isa = PBXFrameworksBuildPhase;
			buildActionMask = 2147483647;
			files = (
				B3EB3A6C2B7F194900EF9D65 /* ConfettiSwiftUI in Frameworks */,
			);
			runOnlyForDeploymentPostprocessing = 0;
		};
		B31B8D0B297A60D400FDC910 /* Frameworks */ = {
			isa = PBXFrameworksBuildPhase;
			buildActionMask = 2147483647;
			files = (
			);
			runOnlyForDeploymentPostprocessing = 0;
		};
/* End PBXFrameworksBuildPhase section */

/* Begin PBXGroup section */
		B31B8CE1297A2BAE00FDC910 = {
			isa = PBXGroup;
			children = (
				B31B8CEC297A2BAE00FDC910 /* ERS */,
				B31B8D0F297A60D400FDC910 /* ERSTests */,
				B31B8CEB297A2BAE00FDC910 /* Products */,
			);
			sourceTree = "<group>";
		};
		B31B8CEB297A2BAE00FDC910 /* Products */ = {
			isa = PBXGroup;
			children = (
				B31B8CEA297A2BAE00FDC910 /* ERS.app */,
				B31B8D0E297A60D400FDC910 /* ERSTests.xctest */,
			);
			name = Products;
			sourceTree = "<group>";
		};
		B31B8CEC297A2BAE00FDC910 /* ERS */ = {
			isa = PBXGroup;
			children = (
				B38A58B12C406B470060C6E7 /* Utility */,
				B3AE853929D0A54F00D735F9 /* ERS.entitlements */,
				B3AE84F729CA1D7600D735F9 /* Info.plist */,
				B31B8CFC297A2C1100FDC910 /* View */,
				B31B8CFB297A2C0900FDC910 /* Model */,
				B31B8CED297A2BAE00FDC910 /* ERSApp.swift */,
				B31B8CF1297A2BB000FDC910 /* Assets.xcassets */,
				B31B8CF3297A2BB000FDC910 /* Preview Content */,
				B30BA1492A429F13007E7014 /* Localizable.strings */,
				B3564A5F2A0B7BC300F2915E /* ERS: Egyptian Rat Screw.storekit */,
			);
			path = ERS;
			sourceTree = "<group>";
		};
		B31B8CF3297A2BB000FDC910 /* Preview Content */ = {
			isa = PBXGroup;
			children = (
				B31B8CF4297A2BB000FDC910 /* Preview Assets.xcassets */,
			);
			path = "Preview Content";
			sourceTree = "<group>";
		};
		B31B8CFB297A2C0900FDC910 /* Model */ = {
			isa = PBXGroup;
			children = (
				B31B8CFE297A2C7500FDC910 /* Card.swift */,
				B31B8D02297A2D4C00FDC910 /* Deck.swift */,
				B3AE84F329C94CDC00D735F9 /* Game.swift */,
				B3AE852129CE4A1C00D735F9 /* PlayerNumber.swift */,
				B310747C2B75BF2300A259BE /* Achievement.swift */,
				B34FD3302C790E1A009DB3CD /* GameData.swift */,
				B39332BD2C7A983700206127 /* RuleState.swift */,
				B39332BF2C7ABBD500206127 /* GameAction.swift */,
			);
			path = Model;
			sourceTree = "<group>";
		};
		B31B8CFC297A2C1100FDC910 /* View */ = {
			isa = PBXGroup;
			children = (
				B38E314F29960DCF005254F9 /* Pages */,
				B38E314E29960DC6005254F9 /* Components */,
				B3AE850D29CCB8DD00D735F9 /* Colors.swift */,
			);
			path = View;
			sourceTree = "<group>";
		};
		B31B8D0F297A60D400FDC910 /* ERSTests */ = {
			isa = PBXGroup;
			children = (
				B31B8D17297A610D00FDC910 /* ModelTests */,
			);
			path = ERSTests;
			sourceTree = "<group>";
		};
		B31B8D17297A610D00FDC910 /* ModelTests */ = {
			isa = PBXGroup;
			children = (
				B31B8D18297A611B00FDC910 /* CardTest.swift */,
				B31B8D1A297A662300FDC910 /* DeckTest.swift */,
			);
			path = ModelTests;
			sourceTree = "<group>";
		};
		B38A58B12C406B470060C6E7 /* Utility */ = {
			isa = PBXGroup;
			children = (
				B31074862B79648900A259BE /* AchievementManager.swift */,
				B33ED3882A2E982D001C5126 /* PurchaseManager.swift */,
				B38A58B22C406B7C0060C6E7 /* AppStorageManager.swift */,
				B34FD32E2C790595009DB3CD /* OnlineMatchManager.swift */,
				B33610242C9D0BE500CB41DF /* MatchManager.swift */,
				B33610262C9D0C8100CB41DF /* NavigationManager.swift */,
			);
			path = Utility;
			sourceTree = "<group>";
		};
		B38E314E29960DC6005254F9 /* Components */ = {
			isa = PBXGroup;
			children = (
				B3AE84FC29CA90F900D735F9 /* Text */,
				B378601F297CF81A00E5DB92 /* CardView.swift */,
				B3AE84F529CA1C1A00D735F9 /* CardStackView.swift */,
				B3AE84FA29CA641100D735F9 /* DebugView.swift */,
				B3AE84FF29CAC46B00D735F9 /* StackInfoView.swift */,
				B38E315229961037005254F9 /* NavigationButton.swift */,
				B34FD3212C76E656009DB3CD /* NavigationIcon.swift */,
				B3AE84F829CA4B3400D735F9 /* PlayerInteractionView.swift */,
				B3AE850929CC9C4800D735F9 /* PauseView.swift */,
				B3AE851229CE3EFA00D735F9 /* TutorialCard.swift */,
				B3AE850B29CCA7A300D735F9 /* GameEndView.swift */,
				B3AE852F29CEC1D400D735F9 /* RuleToggleView.swift */,
				B3564A602A11FF4F00F2915E /* SettingsButton.swift */,
				B310747A2B75BF1100A259BE /* AchievementView.swift */,
				B34FD3292C78FC1E009DB3CD /* MultiplayerToggleView.swift */,
				B38341932C7A70D30057E5F7 /* RuleDisplayView.swift */,
			);
			path = Components;
			sourceTree = "<group>";
		};
		B38E314F29960DCF005254F9 /* Pages */ = {
			isa = PBXGroup;
			children = (
				B38E314C2995FD57005254F9 /* SettingsView.swift */,
				B3AE84F129C94CBA00D735F9 /* GameView.swift */,
				B3AE850129CB49E300D735F9 /* HomeView.swift */,
				B3AE850F29CE2B5D00D735F9 /* TutorialView.swift */,
				B31074782B75BDAD00A259BE /* AchievementsView.swift */,
				B34FD3322C791E65009DB3CD /* OnlineGameView.swift */,
				B34FD3342C793436009DB3CD /* LocalGameView.swift */,
			);
			path = Pages;
			sourceTree = "<group>";
		};
		B3AE84FC29CA90F900D735F9 /* Text */ = {
			isa = PBXGroup;
			children = (
				B38E315029960E10005254F9 /* LargeText.swift */,
				B3AE84FD29CA910600D735F9 /* MediumText.swift */,
				B3AE850729CC99C500D735F9 /* ButtonText.swift */,
				B3AE852329CE4F8000D735F9 /* TutorialText.swift */,
				B3AE853129CEC5AD00D735F9 /* RuleDescriptionText.swift */,
				B3AE853329CEC5B500D735F9 /* RuleTitleText.swift */,
				B3AE853729CED6AE00D735F9 /* RuleSectionText.swift */,
				B300E3E32A4119B20010E351 /* TitleText.swift */,
				B310747E2B769D7200A259BE /* AchievementTitleText.swift */,
				B31074802B769DC800A259BE /* AchievementDescriptionText.swift */,
			);
			path = Text;
			sourceTree = "<group>";
		};
/* End PBXGroup section */

/* Begin PBXNativeTarget section */
		B31B8CE9297A2BAE00FDC910 /* ERS */ = {
			isa = PBXNativeTarget;
			buildConfigurationList = B31B8CF8297A2BB000FDC910 /* Build configuration list for PBXNativeTarget "ERS" */;
			buildPhases = (
				B31B8CE6297A2BAE00FDC910 /* Sources */,
				B31B8CE7297A2BAE00FDC910 /* Frameworks */,
				B31B8CE8297A2BAE00FDC910 /* Resources */,
			);
			buildRules = (
			);
			dependencies = (
			);
			name = ERS;
			packageProductDependencies = (
				B3EB3A6B2B7F194900EF9D65 /* ConfettiSwiftUI */,
			);
			productName = ERS;
			productReference = B31B8CEA297A2BAE00FDC910 /* ERS.app */;
			productType = "com.apple.product-type.application";
		};
		B31B8D0D297A60D400FDC910 /* ERSTests */ = {
			isa = PBXNativeTarget;
			buildConfigurationList = B31B8D14297A60D400FDC910 /* Build configuration list for PBXNativeTarget "ERSTests" */;
			buildPhases = (
				B31B8D0A297A60D400FDC910 /* Sources */,
				B31B8D0B297A60D400FDC910 /* Frameworks */,
				B31B8D0C297A60D400FDC910 /* Resources */,
			);
			buildRules = (
			);
			dependencies = (
				B31B8D13297A60D400FDC910 /* PBXTargetDependency */,
			);
			name = ERSTests;
			productName = ERSTests;
			productReference = B31B8D0E297A60D400FDC910 /* ERSTests.xctest */;
			productType = "com.apple.product-type.bundle.unit-test";
		};
/* End PBXNativeTarget section */

/* Begin PBXProject section */
		B31B8CE2297A2BAE00FDC910 /* Project object */ = {
			isa = PBXProject;
			attributes = {
				BuildIndependentTargetsInParallel = 1;
				LastSwiftUpdateCheck = 1340;
				LastUpgradeCheck = 1500;
				TargetAttributes = {
					B31B8CE9297A2BAE00FDC910 = {
						CreatedOnToolsVersion = 13.4.1;
					};
					B31B8D0D297A60D400FDC910 = {
						CreatedOnToolsVersion = 13.4.1;
						TestTargetID = B31B8CE9297A2BAE00FDC910;
					};
				};
			};
			buildConfigurationList = B31B8CE5297A2BAE00FDC910 /* Build configuration list for PBXProject "ERS" */;
			compatibilityVersion = "Xcode 13.0";
			developmentRegion = en;
			hasScannedForEncodings = 0;
			knownRegions = (
				en,
				Base,
			);
			mainGroup = B31B8CE1297A2BAE00FDC910;
			packageReferences = (
				B3EB3A6A2B7F194900EF9D65 /* XCRemoteSwiftPackageReference "ConfettiSwiftUI" */,
			);
			productRefGroup = B31B8CEB297A2BAE00FDC910 /* Products */;
			projectDirPath = "";
			projectRoot = "";
			targets = (
				B31B8CE9297A2BAE00FDC910 /* ERS */,
				B31B8D0D297A60D400FDC910 /* ERSTests */,
			);
		};
/* End PBXProject section */

/* Begin PBXResourcesBuildPhase section */
		B31B8CE8297A2BAE00FDC910 /* Resources */ = {
			isa = PBXResourcesBuildPhase;
			buildActionMask = 2147483647;
			files = (
				B31B8CF5297A2BB000FDC910 /* Preview Assets.xcassets in Resources */,
				B30BA1472A429F13007E7014 /* Localizable.strings in Resources */,
				B31B8CF2297A2BB000FDC910 /* Assets.xcassets in Resources */,
			);
			runOnlyForDeploymentPostprocessing = 0;
		};
		B31B8D0C297A60D400FDC910 /* Resources */ = {
			isa = PBXResourcesBuildPhase;
			buildActionMask = 2147483647;
			files = (
			);
			runOnlyForDeploymentPostprocessing = 0;
		};
/* End PBXResourcesBuildPhase section */

/* Begin PBXSourcesBuildPhase section */
		B31B8CE6297A2BAE00FDC910 /* Sources */ = {
			isa = PBXSourcesBuildPhase;
			buildActionMask = 2147483647;
			files = (
				B3AE853029CEC1D400D735F9 /* RuleToggleView.swift in Sources */,
				B3AE850C29CCA7A300D735F9 /* GameEndView.swift in Sources */,
				B34FD3352C793436009DB3CD /* LocalGameView.swift in Sources */,
				B3AE850E29CCB8DD00D735F9 /* Colors.swift in Sources */,
				B31074872B79648900A259BE /* AchievementManager.swift in Sources */,
				B39332BE2C7A983700206127 /* RuleState.swift in Sources */,
				B34FD3222C76E656009DB3CD /* NavigationIcon.swift in Sources */,
				B31B8D03297A2D4C00FDC910 /* Deck.swift in Sources */,
				B38A58B32C406B7C0060C6E7 /* AppStorageManager.swift in Sources */,
				B33ED3892A2E982D001C5126 /* PurchaseManager.swift in Sources */,
				B3AE84FE29CA910600D735F9 /* MediumText.swift in Sources */,
				B300E3E42A4119B20010E351 /* TitleText.swift in Sources */,
				B3AE850029CAC46B00D735F9 /* StackInfoView.swift in Sources */,
				B3AE851329CE3EFA00D735F9 /* TutorialCard.swift in Sources */,
				B310747D2B75BF2300A259BE /* Achievement.swift in Sources */,
				B3AE850A29CC9C4800D735F9 /* PauseView.swift in Sources */,
				B38E315129960E10005254F9 /* LargeText.swift in Sources */,
				B3786020297CF81A00E5DB92 /* CardView.swift in Sources */,
				B3AE850829CC99C500D735F9 /* ButtonText.swift in Sources */,
				B31B8CFF297A2C7500FDC910 /* Card.swift in Sources */,
				B3AE84FB29CA641100D735F9 /* DebugView.swift in Sources */,
				B3AE850229CB49E300D735F9 /* HomeView.swift in Sources */,
				B3564A612A11FF4F00F2915E /* SettingsButton.swift in Sources */,
				B3AE852429CE4F8000D735F9 /* TutorialText.swift in Sources */,
				B31B8CEE297A2BAE00FDC910 /* ERSApp.swift in Sources */,
				B310747B2B75BF1100A259BE /* AchievementView.swift in Sources */,
				B34FD3312C790E1A009DB3CD /* GameData.swift in Sources */,
				B3AE853829CED6AE00D735F9 /* RuleSectionText.swift in Sources */,
				B3AE851029CE2B5D00D735F9 /* TutorialView.swift in Sources */,
				B33610272C9D0C8100CB41DF /* NavigationManager.swift in Sources */,
				B38341942C7A70D30057E5F7 /* RuleDisplayView.swift in Sources */,
				B3AE84F629CA1C1A00D735F9 /* CardStackView.swift in Sources */,
				B3AE84F429C94CDC00D735F9 /* Game.swift in Sources */,
				B38E314D2995FD57005254F9 /* SettingsView.swift in Sources */,
				B3AE853429CEC5B500D735F9 /* RuleTitleText.swift in Sources */,
				B38E315329961037005254F9 /* NavigationButton.swift in Sources */,
				B3AE852229CE4A1C00D735F9 /* PlayerNumber.swift in Sources */,
				B31074812B769DC800A259BE /* AchievementDescriptionText.swift in Sources */,
				B39332C02C7ABBD500206127 /* GameAction.swift in Sources */,
				B34FD3332C791E65009DB3CD /* OnlineGameView.swift in Sources */,
				B3AE84F929CA4B3400D735F9 /* PlayerInteractionView.swift in Sources */,
				B34FD32A2C78FC1E009DB3CD /* MultiplayerToggleView.swift in Sources */,
				B3AE84F229C94CBA00D735F9 /* GameView.swift in Sources */,
				B33610252C9D0BE500CB41DF /* MatchManager.swift in Sources */,
				B34FD32F2C790595009DB3CD /* OnlineMatchManager.swift in Sources */,
				B310747F2B769D7200A259BE /* AchievementTitleText.swift in Sources */,
				B31074792B75BDAD00A259BE /* AchievementsView.swift in Sources */,
				B3AE853229CEC5AD00D735F9 /* RuleDescriptionText.swift in Sources */,
			);
			runOnlyForDeploymentPostprocessing = 0;
		};
		B31B8D0A297A60D400FDC910 /* Sources */ = {
			isa = PBXSourcesBuildPhase;
			buildActionMask = 2147483647;
			files = (
				B31B8D1B297A662300FDC910 /* DeckTest.swift in Sources */,
				B31B8D19297A611B00FDC910 /* CardTest.swift in Sources */,
			);
			runOnlyForDeploymentPostprocessing = 0;
		};
/* End PBXSourcesBuildPhase section */

/* Begin PBXTargetDependency section */
		B31B8D13297A60D400FDC910 /* PBXTargetDependency */ = {
			isa = PBXTargetDependency;
			target = B31B8CE9297A2BAE00FDC910 /* ERS */;
			targetProxy = B31B8D12297A60D400FDC910 /* PBXContainerItemProxy */;
		};
/* End PBXTargetDependency section */

/* Begin PBXVariantGroup section */
		B30BA1492A429F13007E7014 /* Localizable.strings */ = {
			isa = PBXVariantGroup;
			children = (
				B30BA1482A429F13007E7014 /* en */,
			);
			name = Localizable.strings;
			sourceTree = "<group>";
		};
/* End PBXVariantGroup section */

/* Begin XCBuildConfiguration section */
		B31B8CF6297A2BB000FDC910 /* Debug */ = {
			isa = XCBuildConfiguration;
			buildSettings = {
				ALWAYS_SEARCH_USER_PATHS = NO;
				ASSETCATALOG_COMPILER_GENERATE_SWIFT_ASSET_SYMBOL_EXTENSIONS = YES;
				CLANG_ANALYZER_LOCALIZABILITY_NONLOCALIZED = YES;
				CLANG_ANALYZER_NONNULL = YES;
				CLANG_ANALYZER_NUMBER_OBJECT_CONVERSION = YES_AGGRESSIVE;
				CLANG_CXX_LANGUAGE_STANDARD = "gnu++17";
				CLANG_ENABLE_MODULES = YES;
				CLANG_ENABLE_OBJC_ARC = YES;
				CLANG_ENABLE_OBJC_WEAK = YES;
				CLANG_WARN_BLOCK_CAPTURE_AUTORELEASING = YES;
				CLANG_WARN_BOOL_CONVERSION = YES;
				CLANG_WARN_COMMA = YES;
				CLANG_WARN_CONSTANT_CONVERSION = YES;
				CLANG_WARN_DEPRECATED_OBJC_IMPLEMENTATIONS = YES;
				CLANG_WARN_DIRECT_OBJC_ISA_USAGE = YES_ERROR;
				CLANG_WARN_DOCUMENTATION_COMMENTS = YES;
				CLANG_WARN_EMPTY_BODY = YES;
				CLANG_WARN_ENUM_CONVERSION = YES;
				CLANG_WARN_INFINITE_RECURSION = YES;
				CLANG_WARN_INT_CONVERSION = YES;
				CLANG_WARN_NON_LITERAL_NULL_CONVERSION = YES;
				CLANG_WARN_OBJC_IMPLICIT_RETAIN_SELF = YES;
				CLANG_WARN_OBJC_LITERAL_CONVERSION = YES;
				CLANG_WARN_OBJC_ROOT_CLASS = YES_ERROR;
				CLANG_WARN_QUOTED_INCLUDE_IN_FRAMEWORK_HEADER = YES;
				CLANG_WARN_RANGE_LOOP_ANALYSIS = YES;
				CLANG_WARN_STRICT_PROTOTYPES = YES;
				CLANG_WARN_SUSPICIOUS_MOVE = YES;
				CLANG_WARN_UNGUARDED_AVAILABILITY = YES_AGGRESSIVE;
				CLANG_WARN_UNREACHABLE_CODE = YES;
				CLANG_WARN__DUPLICATE_METHOD_MATCH = YES;
				COPY_PHASE_STRIP = NO;
				DEBUG_INFORMATION_FORMAT = dwarf;
				ENABLE_STRICT_OBJC_MSGSEND = YES;
				ENABLE_TESTABILITY = YES;
				ENABLE_USER_SCRIPT_SANDBOXING = YES;
				GCC_C_LANGUAGE_STANDARD = gnu11;
				GCC_DYNAMIC_NO_PIC = NO;
				GCC_NO_COMMON_BLOCKS = YES;
				GCC_OPTIMIZATION_LEVEL = 0;
				GCC_PREPROCESSOR_DEFINITIONS = (
					"DEBUG=1",
					"$(inherited)",
				);
				GCC_WARN_64_TO_32_BIT_CONVERSION = YES;
				GCC_WARN_ABOUT_RETURN_TYPE = YES_ERROR;
				GCC_WARN_UNDECLARED_SELECTOR = YES;
				GCC_WARN_UNINITIALIZED_AUTOS = YES_AGGRESSIVE;
				GCC_WARN_UNUSED_FUNCTION = YES;
				GCC_WARN_UNUSED_VARIABLE = YES;
				IPHONEOS_DEPLOYMENT_TARGET = 17.0;
				MTL_ENABLE_DEBUG_INFO = INCLUDE_SOURCE;
				MTL_FAST_MATH = YES;
				ONLY_ACTIVE_ARCH = YES;
				SDKROOT = iphoneos;
				SWIFT_ACTIVE_COMPILATION_CONDITIONS = DEBUG;
				SWIFT_OPTIMIZATION_LEVEL = "-Onone";
			};
			name = Debug;
		};
		B31B8CF7297A2BB000FDC910 /* Release */ = {
			isa = XCBuildConfiguration;
			buildSettings = {
				ALWAYS_SEARCH_USER_PATHS = NO;
				ASSETCATALOG_COMPILER_GENERATE_SWIFT_ASSET_SYMBOL_EXTENSIONS = YES;
				CLANG_ANALYZER_LOCALIZABILITY_NONLOCALIZED = YES;
				CLANG_ANALYZER_NONNULL = YES;
				CLANG_ANALYZER_NUMBER_OBJECT_CONVERSION = YES_AGGRESSIVE;
				CLANG_CXX_LANGUAGE_STANDARD = "gnu++17";
				CLANG_ENABLE_MODULES = YES;
				CLANG_ENABLE_OBJC_ARC = YES;
				CLANG_ENABLE_OBJC_WEAK = YES;
				CLANG_WARN_BLOCK_CAPTURE_AUTORELEASING = YES;
				CLANG_WARN_BOOL_CONVERSION = YES;
				CLANG_WARN_COMMA = YES;
				CLANG_WARN_CONSTANT_CONVERSION = YES;
				CLANG_WARN_DEPRECATED_OBJC_IMPLEMENTATIONS = YES;
				CLANG_WARN_DIRECT_OBJC_ISA_USAGE = YES_ERROR;
				CLANG_WARN_DOCUMENTATION_COMMENTS = YES;
				CLANG_WARN_EMPTY_BODY = YES;
				CLANG_WARN_ENUM_CONVERSION = YES;
				CLANG_WARN_INFINITE_RECURSION = YES;
				CLANG_WARN_INT_CONVERSION = YES;
				CLANG_WARN_NON_LITERAL_NULL_CONVERSION = YES;
				CLANG_WARN_OBJC_IMPLICIT_RETAIN_SELF = YES;
				CLANG_WARN_OBJC_LITERAL_CONVERSION = YES;
				CLANG_WARN_OBJC_ROOT_CLASS = YES_ERROR;
				CLANG_WARN_QUOTED_INCLUDE_IN_FRAMEWORK_HEADER = YES;
				CLANG_WARN_RANGE_LOOP_ANALYSIS = YES;
				CLANG_WARN_STRICT_PROTOTYPES = YES;
				CLANG_WARN_SUSPICIOUS_MOVE = YES;
				CLANG_WARN_UNGUARDED_AVAILABILITY = YES_AGGRESSIVE;
				CLANG_WARN_UNREACHABLE_CODE = YES;
				CLANG_WARN__DUPLICATE_METHOD_MATCH = YES;
				COPY_PHASE_STRIP = NO;
				DEBUG_INFORMATION_FORMAT = "dwarf-with-dsym";
				ENABLE_NS_ASSERTIONS = NO;
				ENABLE_STRICT_OBJC_MSGSEND = YES;
				ENABLE_USER_SCRIPT_SANDBOXING = YES;
				GCC_C_LANGUAGE_STANDARD = gnu11;
				GCC_NO_COMMON_BLOCKS = YES;
				GCC_WARN_64_TO_32_BIT_CONVERSION = YES;
				GCC_WARN_ABOUT_RETURN_TYPE = YES_ERROR;
				GCC_WARN_UNDECLARED_SELECTOR = YES;
				GCC_WARN_UNINITIALIZED_AUTOS = YES_AGGRESSIVE;
				GCC_WARN_UNUSED_FUNCTION = YES;
				GCC_WARN_UNUSED_VARIABLE = YES;
				IPHONEOS_DEPLOYMENT_TARGET = 17.0;
				MTL_ENABLE_DEBUG_INFO = NO;
				MTL_FAST_MATH = YES;
				SDKROOT = iphoneos;
				SWIFT_COMPILATION_MODE = wholemodule;
				SWIFT_OPTIMIZATION_LEVEL = "-O";
				VALIDATE_PRODUCT = YES;
			};
			name = Release;
		};
		B31B8CF9297A2BB000FDC910 /* Debug */ = {
			isa = XCBuildConfiguration;
			buildSettings = {
				ASSETCATALOG_COMPILER_APPICON_NAME = AppIcon;
				ASSETCATALOG_COMPILER_GLOBAL_ACCENT_COLOR_NAME = AccentColor;
				ASSETCATALOG_COMPILER_INCLUDE_ALL_APPICON_ASSETS = NO;
				CODE_SIGN_ENTITLEMENTS = ERS/ERS.entitlements;
				CODE_SIGN_STYLE = Automatic;
				CURRENT_PROJECT_VERSION = 1;
				DEVELOPMENT_ASSET_PATHS = "\"ERS/Preview Content\"";
				DEVELOPMENT_TEAM = S327B8WXV8;
				ENABLE_PREVIEWS = YES;
				GENERATE_INFOPLIST_FILE = YES;
				INFOPLIST_FILE = ERS/Info.plist;
				INFOPLIST_KEY_CFBundleDisplayName = ERS;
				INFOPLIST_KEY_LSApplicationCategoryType = "public.app-category.card-games";
				INFOPLIST_KEY_UIApplicationSceneManifest_Generation = YES;
				INFOPLIST_KEY_UIApplicationSupportsIndirectInputEvents = YES;
				INFOPLIST_KEY_UIRequiresFullScreen = YES;
				INFOPLIST_KEY_UIStatusBarStyle = UIStatusBarStyleDarkContent;
				INFOPLIST_KEY_UISupportedInterfaceOrientations = UIInterfaceOrientationPortrait;
				IPHONEOS_DEPLOYMENT_TARGET = 17.0;
				LD_RUNPATH_SEARCH_PATHS = (
					"$(inherited)",
					"@executable_path/Frameworks",
				);
				MARKETING_VERSION = 2.0;
				PRODUCT_BUNDLE_IDENTIFIER = com.app.egyptianratscrew;
				PRODUCT_NAME = "$(TARGET_NAME)";
				SUPPORTED_PLATFORMS = "iphoneos iphonesimulator";
				SUPPORTS_MACCATALYST = NO;
				SUPPORTS_MAC_DESIGNED_FOR_IPHONE_IPAD = NO;
				SWIFT_EMIT_LOC_STRINGS = YES;
				SWIFT_VERSION = 5.0;
				TARGETED_DEVICE_FAMILY = "1,2";
			};
			name = Debug;
		};
		B31B8CFA297A2BB000FDC910 /* Release */ = {
			isa = XCBuildConfiguration;
			buildSettings = {
				ASSETCATALOG_COMPILER_APPICON_NAME = AppIcon;
				ASSETCATALOG_COMPILER_GLOBAL_ACCENT_COLOR_NAME = AccentColor;
				ASSETCATALOG_COMPILER_INCLUDE_ALL_APPICON_ASSETS = NO;
				CODE_SIGN_ENTITLEMENTS = ERS/ERS.entitlements;
				CODE_SIGN_STYLE = Automatic;
				CURRENT_PROJECT_VERSION = 1;
				DEVELOPMENT_ASSET_PATHS = "\"ERS/Preview Content\"";
				DEVELOPMENT_TEAM = S327B8WXV8;
				ENABLE_PREVIEWS = YES;
				GENERATE_INFOPLIST_FILE = YES;
				INFOPLIST_FILE = ERS/Info.plist;
				INFOPLIST_KEY_CFBundleDisplayName = ERS;
				INFOPLIST_KEY_LSApplicationCategoryType = "public.app-category.card-games";
				INFOPLIST_KEY_UIApplicationSceneManifest_Generation = YES;
				INFOPLIST_KEY_UIApplicationSupportsIndirectInputEvents = YES;
				INFOPLIST_KEY_UIRequiresFullScreen = YES;
				INFOPLIST_KEY_UIStatusBarStyle = UIStatusBarStyleDarkContent;
				INFOPLIST_KEY_UISupportedInterfaceOrientations = UIInterfaceOrientationPortrait;
				IPHONEOS_DEPLOYMENT_TARGET = 17.0;
				LD_RUNPATH_SEARCH_PATHS = (
					"$(inherited)",
					"@executable_path/Frameworks",
				);
				MARKETING_VERSION = 2.0;
				PRODUCT_BUNDLE_IDENTIFIER = com.app.egyptianratscrew;
				PRODUCT_NAME = "$(TARGET_NAME)";
				SUPPORTED_PLATFORMS = "iphoneos iphonesimulator";
				SUPPORTS_MACCATALYST = NO;
				SUPPORTS_MAC_DESIGNED_FOR_IPHONE_IPAD = NO;
				SWIFT_EMIT_LOC_STRINGS = YES;
				SWIFT_VERSION = 5.0;
				TARGETED_DEVICE_FAMILY = "1,2";
			};
			name = Release;
		};
		B31B8D15297A60D400FDC910 /* Debug */ = {
			isa = XCBuildConfiguration;
			buildSettings = {
				BUNDLE_LOADER = "$(TEST_HOST)";
				CODE_SIGN_STYLE = Automatic;
				CURRENT_PROJECT_VERSION = 1;
				DEVELOPMENT_TEAM = S327B8WXV8;
				GENERATE_INFOPLIST_FILE = YES;
				IPHONEOS_DEPLOYMENT_TARGET = 17.0;
				MARKETING_VERSION = 1.0;
				PRODUCT_BUNDLE_IDENTIFIER = hersh.ERSTests;
				PRODUCT_NAME = "$(TARGET_NAME)";
				SWIFT_EMIT_LOC_STRINGS = NO;
				SWIFT_VERSION = 5.0;
				TARGETED_DEVICE_FAMILY = "1,2";
				TEST_HOST = "$(BUILT_PRODUCTS_DIR)/ERS.app/ERS";
			};
			name = Debug;
		};
		B31B8D16297A60D400FDC910 /* Release */ = {
			isa = XCBuildConfiguration;
			buildSettings = {
				BUNDLE_LOADER = "$(TEST_HOST)";
				CODE_SIGN_STYLE = Automatic;
				CURRENT_PROJECT_VERSION = 1;
				DEVELOPMENT_TEAM = S327B8WXV8;
				GENERATE_INFOPLIST_FILE = YES;
				IPHONEOS_DEPLOYMENT_TARGET = 17.0;
				MARKETING_VERSION = 1.0;
				PRODUCT_BUNDLE_IDENTIFIER = hersh.ERSTests;
				PRODUCT_NAME = "$(TARGET_NAME)";
				SWIFT_EMIT_LOC_STRINGS = NO;
				SWIFT_VERSION = 5.0;
				TARGETED_DEVICE_FAMILY = "1,2";
				TEST_HOST = "$(BUILT_PRODUCTS_DIR)/ERS.app/ERS";
			};
			name = Release;
		};
/* End XCBuildConfiguration section */

/* Begin XCConfigurationList section */
		B31B8CE5297A2BAE00FDC910 /* Build configuration list for PBXProject "ERS" */ = {
			isa = XCConfigurationList;
			buildConfigurations = (
				B31B8CF6297A2BB000FDC910 /* Debug */,
				B31B8CF7297A2BB000FDC910 /* Release */,
			);
			defaultConfigurationIsVisible = 0;
			defaultConfigurationName = Release;
		};
		B31B8CF8297A2BB000FDC910 /* Build configuration list for PBXNativeTarget "ERS" */ = {
			isa = XCConfigurationList;
			buildConfigurations = (
				B31B8CF9297A2BB000FDC910 /* Debug */,
				B31B8CFA297A2BB000FDC910 /* Release */,
			);
			defaultConfigurationIsVisible = 0;
			defaultConfigurationName = Release;
		};
		B31B8D14297A60D400FDC910 /* Build configuration list for PBXNativeTarget "ERSTests" */ = {
			isa = XCConfigurationList;
			buildConfigurations = (
				B31B8D15297A60D400FDC910 /* Debug */,
				B31B8D16297A60D400FDC910 /* Release */,
			);
			defaultConfigurationIsVisible = 0;
			defaultConfigurationName = Release;
		};
/* End XCConfigurationList section */

/* Begin XCRemoteSwiftPackageReference section */
		B3EB3A6A2B7F194900EF9D65 /* XCRemoteSwiftPackageReference "ConfettiSwiftUI" */ = {
			isa = XCRemoteSwiftPackageReference;
			repositoryURL = "https://github.com/simibac/ConfettiSwiftUI.git";
			requirement = {
				kind = upToNextMajorVersion;
				minimumVersion = 1.1.0;
			};
		};
/* End XCRemoteSwiftPackageReference section */

/* Begin XCSwiftPackageProductDependency section */
		B3EB3A6B2B7F194900EF9D65 /* ConfettiSwiftUI */ = {
			isa = XCSwiftPackageProductDependency;
			package = B3EB3A6A2B7F194900EF9D65 /* XCRemoteSwiftPackageReference "ConfettiSwiftUI" */;
			productName = ConfettiSwiftUI;
		};
/* End XCSwiftPackageProductDependency section */
	};
	rootObject = B31B8CE2297A2BAE00FDC910 /* Project object */;
}
